
Microsoft Visual Studio Solution File, Format Version 12.00
# Visual Studio Version 17
VisualStudioVersion = 17.9.34622.214
MinimumVisualStudioVersion = 10.0.40219.1
Project("{FAE04EC0-301F-11D3-BF4B-00C04F79EFBC}") = "AuthenticationIn.Net8", "AuthenticationIn.Net8\AuthenticationIn.Net8.csproj", "{658EEEFB-EC3F-48AF-AE2F-8BD2498F7639}"
EndProject
Global
	GlobalSection(SolutionConfigurationPlatforms) = preSolution
		Debug|Any CPU = Debug|Any CPU
		Release|Any CPU = Release|Any CPU
	EndGlobalSection
	GlobalSection(ProjectConfigurationPlatforms) = postSolution
		{658EEEFB-EC3F-48AF-AE2F-8BD2498F7639}.Debug|Any CPU.ActiveCfg = Debug|Any CPU
		{658EEEFB-EC3F-48AF-AE2F-8BD2498F7639}.Debug|Any CPU.Build.0 = Debug|Any CPU
		{658EEEFB-EC3F-48AF-AE2F-8BD2498F7639}.Release|Any CPU.ActiveCfg = Release|Any CPU
		{658EEEFB-EC3F-48AF-AE2F-8BD2498F7639}.Release|Any CPU.Build.0 = Release|Any CPU
	EndGlobalSection
	GlobalSection(SolutionProperties) = preSolution
		HideSolutionNode = FALSE
	EndGlobalSection
	GlobalSection(ExtensibilityGlobals) = postSolution
		SolutionGuid = {1499728E-F2BE-4F08-8611-1E1DB32713F1}
	EndGlobalSection
EndGlobal
